
Microsoft Visual Studio Solution File, Format Version 12.00
# Visual Studio 15
VisualStudioVersion = 15.0.26730.16
MinimumVisualStudioVersion = 10.0.40219.1
Project("{2150E333-8FDC-42A3-9474-1A3956D46DE8}") = ".nuget", ".nuget", "{1738660D-2BD5-4F6E-BCA5-E8366B9561A6}"
	ProjectSection(SolutionItems) = preProject
		.nuget\NuGet.Config = .nuget\NuGet.Config
	EndProjectSection
EndProject
Project("{2150E333-8FDC-42A3-9474-1A3956D46DE8}") = "Solution Items", "Solution Items", "{77EB19A7-EA53-4A70-96D7-36F6D8EB8CD4}"
	ProjectSection(SolutionItems) = preProject
		.gitignore = .gitignore
		Enferno.Services.StormConnect.Contracts.Procurement.nuspec = Enferno.Services.StormConnect.Contracts.Procurement.nuspec
		README.md = README.md
	EndProjectSection
EndProject
Project("{FAE04EC0-301F-11D3-BF4B-00C04F79EFBC}") = "Enferno.Services.StormConnect.Contracts.Procurement", "Enferno.Services.StormConnect.Contracts.Procurement\Enferno.Services.StormConnect.Contracts.Procurement.csproj", "{286D0888-E57A-4F06-BD83-EAEE33A71187}"
EndProject
Global
	GlobalSection(SolutionConfigurationPlatforms) = preSolution
		Debug|Any CPU = Debug|Any CPU
		Integration|Any CPU = Integration|Any CPU
		Release|Any CPU = Release|Any CPU
		Stage|Any CPU = Stage|Any CPU
	EndGlobalSection
	GlobalSection(ProjectConfigurationPlatforms) = postSolution
		{286D0888-E57A-4F06-BD83-EAEE33A71187}.Debug|Any CPU.ActiveCfg = Debug|Any CPU
		{286D0888-E57A-4F06-BD83-EAEE33A71187}.Debug|Any CPU.Build.0 = Debug|Any CPU
		{286D0888-E57A-4F06-BD83-EAEE33A71187}.Integration|Any CPU.ActiveCfg = Release|Any CPU
		{286D0888-E57A-4F06-BD83-EAEE33A71187}.Integration|Any CPU.Build.0 = Release|Any CPU
		{286D0888-E57A-4F06-BD83-EAEE33A71187}.Release|Any CPU.ActiveCfg = Release|Any CPU
		{286D0888-E57A-4F06-BD83-EAEE33A71187}.Release|Any CPU.Build.0 = Release|Any CPU
		{286D0888-E57A-4F06-BD83-EAEE33A71187}.Stage|Any CPU.ActiveCfg = Release|Any CPU
		{286D0888-E57A-4F06-BD83-EAEE33A71187}.Stage|Any CPU.Build.0 = Release|Any CPU
	EndGlobalSection
	GlobalSection(SolutionProperties) = preSolution
		HideSolutionNode = FALSE
	EndGlobalSection
	GlobalSection(ExtensibilityGlobals) = postSolution
		SolutionGuid = {4CB3C558-E089-41BC-8D8E-9D0CD59FA0B7}
	EndGlobalSection
EndGlobal
